
Microsoft Visual Studio Solution File, Format Version 12.00
# Visual Studio 15
VisualStudioVersion = 15.0.27703.2018
MinimumVisualStudioVersion = 10.0.40219.1
Project("{2150E333-8FDC-42A3-9474-1A3956D46DE8}") = ".nuget", ".nuget", "{08E70DD9-2A31-4329-AEC4-8D16ABD15500}"
	ProjectSection(SolutionItems) = preProject
		.nuget\NuGet.Config = .nuget\NuGet.Config
		.nuget\NuGet.exe = .nuget\NuGet.exe
		.nuget\NuGet.targets = .nuget\NuGet.targets
	EndProjectSection
EndProject
Project("{FAE04EC0-301F-11D3-BF4B-00C04F79EFBC}") = "ThumbnailGenerator", "ThumbnailGenerator\ThumbnailGenerator.csproj", "{1CC7E2DB-5000-47CB-B9C1-F6B4A6B709BE}"
EndProject
Project("{FAE04EC0-301F-11D3-BF4B-00C04F79EFBC}") = "IDBrowserServiceTest", "IDBrowserServiceTest\IDBrowserServiceTest.csproj", "{5379F65D-266B-47AC-8182-1F927C2D1F1B}"
	ProjectSection(ProjectDependencies) = postProject
		{06C93692-C6A8-4D51-B5E3-81053A1D390A} = {06C93692-C6A8-4D51-B5E3-81053A1D390A}
	EndProjectSection
EndProject
Project("{2150E333-8FDC-42A3-9474-1A3956D46DE8}") = "Solution Items", "Solution Items", "{C4C4EBCB-D20B-4557-9851-9DC19F78199E}"
	ProjectSection(SolutionItems) = preProject
		Solution Items\cert.bat = Solution Items\cert.bat
		IDBrowser.vsmdi = IDBrowser.vsmdi
		Solution Items\IDBrowserClient.pfx = Solution Items\IDBrowserClient.pfx
		Local.testsettings = Local.testsettings
		Solution Items\masshardt.ch.cer = Solution Items\masshardt.ch.cer
	EndProjectSection
EndProject
Project("{FAE04EC0-301F-11D3-BF4B-00C04F79EFBC}") = "zlib.net", "zlib.NET\zlib.net.csproj", "{0C89B7A2-A218-49E4-B545-5B044A45F977}"
EndProject
Project("{FAE04EC0-301F-11D3-BF4B-00C04F79EFBC}") = "IDBrowserServiceStandalone", "IDBrowserServiceStandalone\IDBrowserServiceStandalone.csproj", "{0CC64979-6289-437E-A54E-0B2F15EA2B52}"
EndProject
Project("{FAE04EC0-301F-11D3-BF4B-00C04F79EFBC}") = "IDBrowserServiceCode", "IDBrowserServiceCode\IDBrowserServiceCode.csproj", "{5C3885B1-1EDD-4D49-B042-190102475B3E}"
EndProject
Project("{FAE04EC0-301F-11D3-BF4B-00C04F79EFBC}") = "IDBrowserService", "IDBrowserService\IDBrowserService.csproj", "{06C93692-C6A8-4D51-B5E3-81053A1D390A}"
EndProject
Project("{2150E333-8FDC-42A3-9474-1A3956D46DE8}") = "packages", "packages", "{ABA89D5A-40B8-4B65-8B1E-D0919D5F7D52}"
	ProjectSection(SolutionItems) = preProject
		packages\repositories.config = packages\repositories.config
	EndProjectSection
EndProject
Project("{FAE04EC0-301F-11D3-BF4B-00C04F79EFBC}") = "IDBrowserStreamingService", "IDBrowserStreamingService\IDBrowserStreamingService.csproj", "{F1F5E69C-28E5-41DA-8E9F-46CB7562C23A}"
EndProject
Project("{FAE04EC0-301F-11D3-BF4B-00C04F79EFBC}") = "IDBrowserServiceCore", "IDBrowserServiceCore\IDBrowserServiceCore.csproj", "{38D4600E-5E26-43ED-BF1D-0D441AA3C8D7}"
EndProject
Global
	GlobalSection(SolutionConfigurationPlatforms) = preSolution
		Debug|Any CPU = Debug|Any CPU
		Release|Any CPU = Release|Any CPU
	EndGlobalSection
	GlobalSection(ProjectConfigurationPlatforms) = postSolution
		{1CC7E2DB-5000-47CB-B9C1-F6B4A6B709BE}.Debug|Any CPU.ActiveCfg = Debug|Any CPU
		{1CC7E2DB-5000-47CB-B9C1-F6B4A6B709BE}.Debug|Any CPU.Build.0 = Debug|Any CPU
		{1CC7E2DB-5000-47CB-B9C1-F6B4A6B709BE}.Release|Any CPU.ActiveCfg = Release|Any CPU
		{1CC7E2DB-5000-47CB-B9C1-F6B4A6B709BE}.Release|Any CPU.Build.0 = Release|Any CPU
		{5379F65D-266B-47AC-8182-1F927C2D1F1B}.Debug|Any CPU.ActiveCfg = Debug|Any CPU
		{5379F65D-266B-47AC-8182-1F927C2D1F1B}.Debug|Any CPU.Build.0 = Debug|Any CPU
		{5379F65D-266B-47AC-8182-1F927C2D1F1B}.Release|Any CPU.ActiveCfg = Release|Any CPU
		{5379F65D-266B-47AC-8182-1F927C2D1F1B}.Release|Any CPU.Build.0 = Release|Any CPU
		{0C89B7A2-A218-49E4-B545-5B044A45F977}.Debug|Any CPU.ActiveCfg = Debug|Any CPU
		{0C89B7A2-A218-49E4-B545-5B044A45F977}.Debug|Any CPU.Build.0 = Debug|Any CPU
		{0C89B7A2-A218-49E4-B545-5B044A45F977}.Release|Any CPU.ActiveCfg = Release|Any CPU
		{0C89B7A2-A218-49E4-B545-5B044A45F977}.Release|Any CPU.Build.0 = Release|Any CPU
		{0CC64979-6289-437E-A54E-0B2F15EA2B52}.Debug|Any CPU.ActiveCfg = Debug|Any CPU
		{0CC64979-6289-437E-A54E-0B2F15EA2B52}.Debug|Any CPU.Build.0 = Debug|Any CPU
		{0CC64979-6289-437E-A54E-0B2F15EA2B52}.Release|Any CPU.ActiveCfg = Release|Any CPU
		{0CC64979-6289-437E-A54E-0B2F15EA2B52}.Release|Any CPU.Build.0 = Release|Any CPU
		{5C3885B1-1EDD-4D49-B042-190102475B3E}.Debug|Any CPU.ActiveCfg = Debug|Any CPU
		{5C3885B1-1EDD-4D49-B042-190102475B3E}.Debug|Any CPU.Build.0 = Debug|Any CPU
		{5C3885B1-1EDD-4D49-B042-190102475B3E}.Release|Any CPU.ActiveCfg = Release|Any CPU
		{5C3885B1-1EDD-4D49-B042-190102475B3E}.Release|Any CPU.Build.0 = Release|Any CPU
		{06C93692-C6A8-4D51-B5E3-81053A1D390A}.Debug|Any CPU.ActiveCfg = Debug|Any CPU
		{06C93692-C6A8-4D51-B5E3-81053A1D390A}.Debug|Any CPU.Build.0 = Debug|Any CPU
		{06C93692-C6A8-4D51-B5E3-81053A1D390A}.Release|Any CPU.ActiveCfg = Release|Any CPU
		{06C93692-C6A8-4D51-B5E3-81053A1D390A}.Release|Any CPU.Build.0 = Release|Any CPU
		{F1F5E69C-28E5-41DA-8E9F-46CB7562C23A}.Debug|Any CPU.ActiveCfg = Debug|Any CPU
		{F1F5E69C-28E5-41DA-8E9F-46CB7562C23A}.Debug|Any CPU.Build.0 = Debug|Any CPU
		{F1F5E69C-28E5-41DA-8E9F-46CB7562C23A}.Release|Any CPU.ActiveCfg = Release|Any CPU
		{F1F5E69C-28E5-41DA-8E9F-46CB7562C23A}.Release|Any CPU.Build.0 = Release|Any CPU
		{38D4600E-5E26-43ED-BF1D-0D441AA3C8D7}.Debug|Any CPU.ActiveCfg = Debug|Any CPU
		{38D4600E-5E26-43ED-BF1D-0D441AA3C8D7}.Debug|Any CPU.Build.0 = Debug|Any CPU
		{38D4600E-5E26-43ED-BF1D-0D441AA3C8D7}.Release|Any CPU.ActiveCfg = Release|Any CPU
		{38D4600E-5E26-43ED-BF1D-0D441AA3C8D7}.Release|Any CPU.Build.0 = Release|Any CPU
	EndGlobalSection
	GlobalSection(SolutionProperties) = preSolution
		HideSolutionNode = FALSE
	EndGlobalSection
	GlobalSection(ExtensibilityGlobals) = postSolution
		SolutionGuid = {574A0D3A-FCE4-41CB-BB75-78676574712E}
	EndGlobalSection
	GlobalSection(TestCaseManagementSettings) = postSolution
		CategoryFile = IDBrowser.vsmdi
	EndGlobalSection
EndGlobal
